
Microsoft Visual Studio Solution File, Format Version 12.00
# Visual Studio Version 17
VisualStudioVersion = 17.8.34330.188
MinimumVisualStudioVersion = 10.0.40219.1
Project("{FAE04EC0-301F-11D3-BF4B-00C04F79EFBC}") = "MvcMovie", "MvcMovie\MvcMovie.csproj", "{F9867C1E-F7E6-4449-9A43-8D80B270C406}"
EndProject
Global
	GlobalSection(SolutionConfigurationPlatforms) = preSolution
		Debug|Any CPU = Debug|Any CPU
		Release|Any CPU = Release|Any CPU
	EndGlobalSection
	GlobalSection(ProjectConfigurationPlatforms) = postSolution
		{F9867C1E-F7E6-4449-9A43-8D80B270C406}.Debug|Any CPU.ActiveCfg = Debug|Any CPU
		{F9867C1E-F7E6-4449-9A43-8D80B270C406}.Debug|Any CPU.Build.0 = Debug|Any CPU
		{F9867C1E-F7E6-4449-9A43-8D80B270C406}.Release|Any CPU.ActiveCfg = Release|Any CPU
		{F9867C1E-F7E6-4449-9A43-8D80B270C406}.Release|Any CPU.Build.0 = Release|Any CPU
	EndGlobalSection
	GlobalSection(SolutionProperties) = preSolution
		HideSolutionNode = FALSE
	EndGlobalSection
	GlobalSection(ExtensibilityGlobals) = postSolution
		SolutionGuid = {142B6E8D-206B-47B5-AEFE-89E55A149CCD}
	EndGlobalSection
EndGlobal
